
Microsoft Visual Studio Solution File, Format Version 12.00
# Visual Studio Version 17
VisualStudioVersion = 17.2.32526.322
MinimumVisualStudioVersion = 10.0.40219.1
Project("{FAE04EC0-301F-11D3-BF4B-00C04F79EFBC}") = "Cbf.Business", "src\Cbf.Business\Cbf.Business.csproj", "{8DD64934-CDE7-4C89-93F8-15AE319E260B}"
EndProject
Project("{FAE04EC0-301F-11D3-BF4B-00C04F79EFBC}") = "Cbf.Data", "src\Cbf.Data\Cbf.Data.csproj", "{9F53513B-C10C-4AD5-80CB-D2D1BAF636F2}"
EndProject
Project("{FAE04EC0-301F-11D3-BF4B-00C04F79EFBC}") = "Cbf.Api", "src\Cbf.Api\Cbf.Api.csproj", "{D6421127-8D68-4536-A46C-D4390F044235}"
EndProject
Global
	GlobalSection(SolutionConfigurationPlatforms) = preSolution
		Debug|Any CPU = Debug|Any CPU
		Release|Any CPU = Release|Any CPU
	EndGlobalSection
	GlobalSection(ProjectConfigurationPlatforms) = postSolution
		{8DD64934-CDE7-4C89-93F8-15AE319E260B}.Debug|Any CPU.ActiveCfg = Debug|Any CPU
		{8DD64934-CDE7-4C89-93F8-15AE319E260B}.Debug|Any CPU.Build.0 = Debug|Any CPU
		{8DD64934-CDE7-4C89-93F8-15AE319E260B}.Release|Any CPU.ActiveCfg = Release|Any CPU
		{8DD64934-CDE7-4C89-93F8-15AE319E260B}.Release|Any CPU.Build.0 = Release|Any CPU
		{9F53513B-C10C-4AD5-80CB-D2D1BAF636F2}.Debug|Any CPU.ActiveCfg = Debug|Any CPU
		{9F53513B-C10C-4AD5-80CB-D2D1BAF636F2}.Debug|Any CPU.Build.0 = Debug|Any CPU
		{9F53513B-C10C-4AD5-80CB-D2D1BAF636F2}.Release|Any CPU.ActiveCfg = Release|Any CPU
		{9F53513B-C10C-4AD5-80CB-D2D1BAF636F2}.Release|Any CPU.Build.0 = Release|Any CPU
		{D6421127-8D68-4536-A46C-D4390F044235}.Debug|Any CPU.ActiveCfg = Debug|Any CPU
		{D6421127-8D68-4536-A46C-D4390F044235}.Debug|Any CPU.Build.0 = Debug|Any CPU
		{D6421127-8D68-4536-A46C-D4390F044235}.Release|Any CPU.ActiveCfg = Release|Any CPU
		{D6421127-8D68-4536-A46C-D4390F044235}.Release|Any CPU.Build.0 = Release|Any CPU
	EndGlobalSection
	GlobalSection(SolutionProperties) = preSolution
		HideSolutionNode = FALSE
	EndGlobalSection
	GlobalSection(ExtensibilityGlobals) = postSolution
		SolutionGuid = {93CD2C1C-FA05-425A-9502-EB8A1AE28C33}
	EndGlobalSection
EndGlobal
